// !$*UTF8*$!
{
	archiveVersion = 1;
	classes = {
	};
	objectVersion = 55;
	objects = {

/* Begin PBXBuildFile section */
		DF1EEF6529632CC100DBD413 /* AppDelegate.swift in Sources */ = {isa = PBXBuildFile; fileRef = DF1EEF6429632CC100DBD413 /* AppDelegate.swift */; };
		DF1EEF6729632CC100DBD413 /* SceneDelegate.swift in Sources */ = {isa = PBXBuildFile; fileRef = DF1EEF6629632CC100DBD413 /* SceneDelegate.swift */; };
		DF1EEF6C29632CC100DBD413 /* Main.storyboard in Resources */ = {isa = PBXBuildFile; fileRef = DF1EEF6A29632CC100DBD413 /* Main.storyboard */; };
		DF1EEF6E29632CC300DBD413 /* Assets.xcassets in Resources */ = {isa = PBXBuildFile; fileRef = DF1EEF6D29632CC300DBD413 /* Assets.xcassets */; };
		DF1EEF7129632CC300DBD413 /* LaunchScreen.storyboard in Resources */ = {isa = PBXBuildFile; fileRef = DF1EEF6F29632CC300DBD413 /* LaunchScreen.storyboard */; };
		DF1EEF852965C2DE00DBD413 /* Product.swift in Sources */ = {isa = PBXBuildFile; fileRef = DF1EEF842965C2DE00DBD413 /* Product.swift */; };
		DF1EEF872965C38300DBD413 /* APIManager.swift in Sources */ = {isa = PBXBuildFile; fileRef = DF1EEF862965C38300DBD413 /* APIManager.swift */; };
		DF1EEF89296C281300DBD413 /* Constant.swift in Sources */ = {isa = PBXBuildFile; fileRef = DF1EEF88296C281300DBD413 /* Constant.swift */; };
		DF1EEF8B296C365C00DBD413 /* ProductListViewController.swift in Sources */ = {isa = PBXBuildFile; fileRef = DF1EEF8A296C365C00DBD413 /* ProductListViewController.swift */; };
		DF1EEF8D296C37E100DBD413 /* ProductViewModel.swift in Sources */ = {isa = PBXBuildFile; fileRef = DF1EEF8C296C37E100DBD413 /* ProductViewModel.swift */; };
		DF1EEF90296C534400DBD413 /* ProductsCell.swift in Sources */ = {isa = PBXBuildFile; fileRef = DF1EEF8E296C534400DBD413 /* ProductsCell.swift */; };
		DF1EEF91296C534400DBD413 /* ProductsCell.xib in Resources */ = {isa = PBXBuildFile; fileRef = DF1EEF8F296C534400DBD413 /* ProductsCell.xib */; };
		DF1EEF94296C6AC200DBD413 /* Kingfisher in Frameworks */ = {isa = PBXBuildFile; productRef = DF1EEF93296C6AC200DBD413 /* Kingfisher */; };
		DF1EEF96296C6BE400DBD413 /* UIImageView + Extensions.swift in Sources */ = {isa = PBXBuildFile; fileRef = DF1EEF95296C6BE400DBD413 /* UIImageView + Extensions.swift */; };
/* End PBXBuildFile section */

/* Begin PBXFileReference section */
		DF1EEF6129632CC100DBD413 /* MVVM_DataBinding_Singleton.app */ = {isa = PBXFileReference; explicitFileType = wrapper.application; includeInIndex = 0; path = MVVM_DataBinding_Singleton.app; sourceTree = BUILT_PRODUCTS_DIR; };
		DF1EEF6429632CC100DBD413 /* AppDelegate.swift */ = {isa = PBXFileReference; lastKnownFileType = sourcecode.swift; path = AppDelegate.swift; sourceTree = "<group>"; };
		DF1EEF6629632CC100DBD413 /* SceneDelegate.swift */ = {isa = PBXFileReference; lastKnownFileType = sourcecode.swift; path = SceneDelegate.swift; sourceTree = "<group>"; };
		DF1EEF6B29632CC100DBD413 /* Base */ = {isa = PBXFileReference; lastKnownFileType = file.storyboard; name = Base; path = Base.lproj/Main.storyboard; sourceTree = "<group>"; };
		DF1EEF6D29632CC300DBD413 /* Assets.xcassets */ = {isa = PBXFileReference; lastKnownFileType = folder.assetcatalog; path = Assets.xcassets; sourceTree = "<group>"; };
		DF1EEF7029632CC300DBD413 /* Base */ = {isa = PBXFileReference; lastKnownFileType = file.storyboard; name = Base; path = Base.lproj/LaunchScreen.storyboard; sourceTree = "<group>"; };
		DF1EEF7229632CC300DBD413 /* Info.plist */ = {isa = PBXFileReference; lastKnownFileType = text.plist.xml; path = Info.plist; sourceTree = "<group>"; };
		DF1EEF842965C2DE00DBD413 /* Product.swift */ = {isa = PBXFileReference; lastKnownFileType = sourcecode.swift; path = Product.swift; sourceTree = "<group>"; };
		DF1EEF862965C38300DBD413 /* APIManager.swift */ = {isa = PBXFileReference; lastKnownFileType = sourcecode.swift; path = APIManager.swift; sourceTree = "<group>"; };
		DF1EEF88296C281300DBD413 /* Constant.swift */ = {isa = PBXFileReference; lastKnownFileType = sourcecode.swift; path = Constant.swift; sourceTree = "<group>"; };
		DF1EEF8A296C365C00DBD413 /* ProductListViewController.swift */ = {isa = PBXFileReference; lastKnownFileType = sourcecode.swift; path = ProductListViewController.swift; sourceTree = "<group>"; };
		DF1EEF8C296C37E100DBD413 /* ProductViewModel.swift */ = {isa = PBXFileReference; lastKnownFileType = sourcecode.swift; path = ProductViewModel.swift; sourceTree = "<group>"; };
		DF1EEF8E296C534400DBD413 /* ProductsCell.swift */ = {isa = PBXFileReference; lastKnownFileType = sourcecode.swift; path = ProductsCell.swift; sourceTree = "<group>"; };
		DF1EEF8F296C534400DBD413 /* ProductsCell.xib */ = {isa = PBXFileReference; lastKnownFileType = file.xib; path = ProductsCell.xib; sourceTree = "<group>"; };
		DF1EEF95296C6BE400DBD413 /* UIImageView + Extensions.swift */ = {isa = PBXFileReference; lastKnownFileType = sourcecode.swift; path = "UIImageView + Extensions.swift"; sourceTree = "<group>"; };
/* End PBXFileReference section */

/* Begin PBXFrameworksBuildPhase section */
		DF1EEF5E29632CC100DBD413 /* Frameworks */ = {
			isa = PBXFrameworksBuildPhase;
			buildActionMask = 2147483647;
			files = (
				DF1EEF94296C6AC200DBD413 /* Kingfisher in Frameworks */,
			);
			runOnlyForDeploymentPostprocessing = 0;
		};
/* End PBXFrameworksBuildPhase section */

/* Begin PBXGroup section */
		DF1EEF5829632CC100DBD413 = {
			isa = PBXGroup;
			children = (
				DF1EEF6329632CC100DBD413 /* MVVM_DataBinding_Singleton */,
				DF1EEF6229632CC100DBD413 /* Products */,
			);
			sourceTree = "<group>";
		};
		DF1EEF6229632CC100DBD413 /* Products */ = {
			isa = PBXGroup;
			children = (
				DF1EEF6129632CC100DBD413 /* MVVM_DataBinding_Singleton.app */,
			);
			name = Products;
			sourceTree = "<group>";
		};
		DF1EEF6329632CC100DBD413 /* MVVM_DataBinding_Singleton */ = {
			isa = PBXGroup;
			children = (
				DF1EEF782965C0B400DBD413 /* Application */,
				DF1EEF7F2965C0E300DBD413 /* Constant */,
				DF1EEF7E2965C0D600DBD413 /* Extensions */,
				DF1EEF7C2965C0C900DBD413 /* Helper */,
				DF1EEF7B2965C0C500DBD413 /* Screens */,
				DF1EEF7A2965C0C200DBD413 /* Storyboard */,
				DF1EEF792965C0BF00DBD413 /* Resources */,
				DF1EEF7229632CC300DBD413 /* Info.plist */,
			);
			path = MVVM_DataBinding_Singleton;
			sourceTree = "<group>";
		};
		DF1EEF782965C0B400DBD413 /* Application */ = {
			isa = PBXGroup;
			children = (
				DF1EEF6429632CC100DBD413 /* AppDelegate.swift */,
				DF1EEF6629632CC100DBD413 /* SceneDelegate.swift */,
			);
			path = Application;
			sourceTree = "<group>";
		};
		DF1EEF792965C0BF00DBD413 /* Resources */ = {
			isa = PBXGroup;
			children = (
				DF1EEF6D29632CC300DBD413 /* Assets.xcassets */,
			);
			path = Resources;
			sourceTree = "<group>";
		};
		DF1EEF7A2965C0C200DBD413 /* Storyboard */ = {
			isa = PBXGroup;
			children = (
				DF1EEF6A29632CC100DBD413 /* Main.storyboard */,
				DF1EEF6F29632CC300DBD413 /* LaunchScreen.storyboard */,
			);
			path = Storyboard;
			sourceTree = "<group>";
		};
		DF1EEF7B2965C0C500DBD413 /* Screens */ = {
			isa = PBXGroup;
			children = (
				DF1EEF802965C18D00DBD413 /* Product */,
			);
			path = Screens;
			sourceTree = "<group>";
		};
		DF1EEF7C2965C0C900DBD413 /* Helper */ = {
			isa = PBXGroup;
			children = (
				DF1EEF862965C38300DBD413 /* APIManager.swift */,
			);
			path = Helper;
			sourceTree = "<group>";
		};
		DF1EEF7E2965C0D600DBD413 /* Extensions */ = {
			isa = PBXGroup;
			children = (
				DF1EEF95296C6BE400DBD413 /* UIImageView + Extensions.swift */,
			);
			path = Extensions;
			sourceTree = "<group>";
		};
		DF1EEF7F2965C0E300DBD413 /* Constant */ = {
			isa = PBXGroup;
			children = (
				DF1EEF88296C281300DBD413 /* Constant.swift */,
			);
			path = Constant;
			sourceTree = "<group>";
		};
		DF1EEF802965C18D00DBD413 /* Product */ = {
			isa = PBXGroup;
			children = (
				DF1EEF832965C1A800DBD413 /* Model */,
				DF1EEF822965C1A500DBD413 /* View */,
				DF1EEF812965C19F00DBD413 /* ViewModel */,
			);
			path = Product;
			sourceTree = "<group>";
		};
		DF1EEF812965C19F00DBD413 /* ViewModel */ = {
			isa = PBXGroup;
			children = (
				DF1EEF8C296C37E100DBD413 /* ProductViewModel.swift */,
			);
			path = ViewModel;
			sourceTree = "<group>";
		};
		DF1EEF822965C1A500DBD413 /* View */ = {
			isa = PBXGroup;
			children = (
				DF1EEF8A296C365C00DBD413 /* ProductListViewController.swift */,
				DF1EEF8E296C534400DBD413 /* ProductsCell.swift */,
				DF1EEF8F296C534400DBD413 /* ProductsCell.xib */,
			);
			path = View;
			sourceTree = "<group>";
		};
		DF1EEF832965C1A800DBD413 /* Model */ = {
			isa = PBXGroup;
			children = (
				DF1EEF842965C2DE00DBD413 /* Product.swift */,
			);
			path = Model;
			sourceTree = "<group>";
		};
/* End PBXGroup section */

/* Begin PBXNativeTarget section */
		DF1EEF6029632CC100DBD413 /* MVVM_DataBinding_Singleton */ = {
			isa = PBXNativeTarget;
			buildConfigurationList = DF1EEF7529632CC300DBD413 /* Build configuration list for PBXNativeTarget "MVVM_DataBinding_Singleton" */;
			buildPhases = (
				DF1EEF5D29632CC100DBD413 /* Sources */,
				DF1EEF5E29632CC100DBD413 /* Frameworks */,
				DF1EEF5F29632CC100DBD413 /* Resources */,
			);
			buildRules = (
			);
			dependencies = (
			);
			name = MVVM_DataBinding_Singleton;
			packageProductDependencies = (
				DF1EEF93296C6AC200DBD413 /* Kingfisher */,
			);
			productName = MVVM_DataBinding_Singleton;
			productReference = DF1EEF6129632CC100DBD413 /* MVVM_DataBinding_Singleton.app */;
			productType = "com.apple.product-type.application";
		};
/* End PBXNativeTarget section */

/* Begin PBXProject section */
		DF1EEF5929632CC100DBD413 /* Project object */ = {
			isa = PBXProject;
			attributes = {
				BuildIndependentTargetsInParallel = 1;
				LastSwiftUpdateCheck = 1320;
				LastUpgradeCheck = 1320;
				TargetAttributes = {
					DF1EEF6029632CC100DBD413 = {
						CreatedOnToolsVersion = 13.2.1;
					};
				};
			};
			buildConfigurationList = DF1EEF5C29632CC100DBD413 /* Build configuration list for PBXProject "MVVM_DataBinding_Singleton" */;
			compatibilityVersion = "Xcode 13.0";
			developmentRegion = en;
			hasScannedForEncodings = 0;
			knownRegions = (
				en,
				Base,
			);
			mainGroup = DF1EEF5829632CC100DBD413;
			packageReferences = (
				DF1EEF92296C6AC200DBD413 /* XCRemoteSwiftPackageReference "Kingfisher" */,
			);
			productRefGroup = DF1EEF6229632CC100DBD413 /* Products */;
			projectDirPath = "";
			projectRoot = "";
			targets = (
				DF1EEF6029632CC100DBD413 /* MVVM_DataBinding_Singleton */,
			);
		};
/* End PBXProject section */

/* Begin PBXResourcesBuildPhase section */
		DF1EEF5F29632CC100DBD413 /* Resources */ = {
			isa = PBXResourcesBuildPhase;
			buildActionMask = 2147483647;
			files = (
				DF1EEF7129632CC300DBD413 /* LaunchScreen.storyboard in Resources */,
				DF1EEF91296C534400DBD413 /* ProductsCell.xib in Resources */,
				DF1EEF6E29632CC300DBD413 /* Assets.xcassets in Resources */,
				DF1EEF6C29632CC100DBD413 /* Main.storyboard in Resources */,
			);
			runOnlyForDeploymentPostprocessing = 0;
		};
/* End PBXResourcesBuildPhase section */

/* Begin PBXSourcesBuildPhase section */
		DF1EEF5D29632CC100DBD413 /* Sources */ = {
			isa = PBXSourcesBuildPhase;
			buildActionMask = 2147483647;
			files = (
				DF1EEF8D296C37E100DBD413 /* ProductViewModel.swift in Sources */,
				DF1EEF90296C534400DBD413 /* ProductsCell.swift in Sources */,
				DF1EEF6529632CC100DBD413 /* AppDelegate.swift in Sources */,
				DF1EEF6729632CC100DBD413 /* SceneDelegate.swift in Sources */,
				DF1EEF89296C281300DBD413 /* Constant.swift in Sources */,
				DF1EEF96296C6BE400DBD413 /* UIImageView + Extensions.swift in Sources */,
				DF1EEF872965C38300DBD413 /* APIManager.swift in Sources */,
				DF1EEF8B296C365C00DBD413 /* ProductListViewController.swift in Sources */,
				DF1EEF852965C2DE00DBD413 /* Product.swift in Sources */,
			);
			runOnlyForDeploymentPostprocessing = 0;
		};
/* End PBXSourcesBuildPhase section */

/* Begin PBXVariantGroup section */
		DF1EEF6A29632CC100DBD413 /* Main.storyboard */ = {
			isa = PBXVariantGroup;
			children = (
				DF1EEF6B29632CC100DBD413 /* Base */,
			);
			name = Main.storyboard;
			sourceTree = "<group>";
		};
		DF1EEF6F29632CC300DBD413 /* LaunchScreen.storyboard */ = {
			isa = PBXVariantGroup;
			children = (
				DF1EEF7029632CC300DBD413 /* Base */,
			);
			name = LaunchScreen.storyboard;
			sourceTree = "<group>";
		};
/* End PBXVariantGroup section */

/* Begin XCBuildConfiguration section */
		DF1EEF7329632CC300DBD413 /* Debug */ = {
			isa = XCBuildConfiguration;
			buildSettings = {
				ALWAYS_SEARCH_USER_PATHS = NO;
				CLANG_ANALYZER_NONNULL = YES;
				CLANG_ANALYZER_NUMBER_OBJECT_CONVERSION = YES_AGGRESSIVE;
				CLANG_CXX_LANGUAGE_STANDARD = "gnu++17";
				CLANG_CXX_LIBRARY = "libc++";
				CLANG_ENABLE_MODULES = YES;
				CLANG_ENABLE_OBJC_ARC = YES;
				CLANG_ENABLE_OBJC_WEAK = YES;
				CLANG_WARN_BLOCK_CAPTURE_AUTORELEASING = YES;
				CLANG_WARN_BOOL_CONVERSION = YES;
				CLANG_WARN_COMMA = YES;
				CLANG_WARN_CONSTANT_CONVERSION = YES;
				CLANG_WARN_DEPRECATED_OBJC_IMPLEMENTATIONS = YES;
				CLANG_WARN_DIRECT_OBJC_ISA_USAGE = YES_ERROR;
				CLANG_WARN_DOCUMENTATION_COMMENTS = YES;
				CLANG_WARN_EMPTY_BODY = YES;
				CLANG_WARN_ENUM_CONVERSION = YES;
				CLANG_WARN_INFINITE_RECURSION = YES;
				CLANG_WARN_INT_CONVERSION = YES;
				CLANG_WARN_NON_LITERAL_NULL_CONVERSION = YES;
				CLANG_WARN_OBJC_IMPLICIT_RETAIN_SELF = YES;
				CLANG_WARN_OBJC_LITERAL_CONVERSION = YES;
				CLANG_WARN_OBJC_ROOT_CLASS = YES_ERROR;
				CLANG_WARN_QUOTED_INCLUDE_IN_FRAMEWORK_HEADER = YES;
				CLANG_WARN_RANGE_LOOP_ANALYSIS = YES;
				CLANG_WARN_STRICT_PROTOTYPES = YES;
				CLANG_WARN_SUSPICIOUS_MOVE = YES;
				CLANG_WARN_UNGUARDED_AVAILABILITY = YES_AGGRESSIVE;
				CLANG_WARN_UNREACHABLE_CODE = YES;
				CLANG_WARN__DUPLICATE_METHOD_MATCH = YES;
				COPY_PHASE_STRIP = NO;
				DEBUG_INFORMATION_FORMAT = dwarf;
				ENABLE_STRICT_OBJC_MSGSEND = YES;
				ENABLE_TESTABILITY = YES;
				GCC_C_LANGUAGE_STANDARD = gnu11;
				GCC_DYNAMIC_NO_PIC = NO;
				GCC_NO_COMMON_BLOCKS = YES;
				GCC_OPTIMIZATION_LEVEL = 0;
				GCC_PREPROCESSOR_DEFINITIONS = (
					"DEBUG=1",
					"$(inherited)",
				);
				GCC_WARN_64_TO_32_BIT_CONVERSION = YES;
				GCC_WARN_ABOUT_RETURN_TYPE = YES_ERROR;
				GCC_WARN_UNDECLARED_SELECTOR = YES;
				GCC_WARN_UNINITIALIZED_AUTOS = YES_AGGRESSIVE;
				GCC_WARN_UNUSED_FUNCTION = YES;
				GCC_WARN_UNUSED_VARIABLE = YES;
				IPHONEOS_DEPLOYMENT_TARGET = 15.2;
				MTL_ENABLE_DEBUG_INFO = INCLUDE_SOURCE;
				MTL_FAST_MATH = YES;
				ONLY_ACTIVE_ARCH = YES;
				SDKROOT = iphoneos;
				SWIFT_ACTIVE_COMPILATION_CONDITIONS = DEBUG;
				SWIFT_OPTIMIZATION_LEVEL = "-Onone";
			};
			name = Debug;
		};
		DF1EEF7429632CC300DBD413 /* Release */ = {
			isa = XCBuildConfiguration;
			buildSettings = {
				ALWAYS_SEARCH_USER_PATHS = NO;
				CLANG_ANALYZER_NONNULL = YES;
				CLANG_ANALYZER_NUMBER_OBJECT_CONVERSION = YES_AGGRESSIVE;
				CLANG_CXX_LANGUAGE_STANDARD = "gnu++17";
				CLANG_CXX_LIBRARY = "libc++";
				CLANG_ENABLE_MODULES = YES;
				CLANG_ENABLE_OBJC_ARC = YES;
				CLANG_ENABLE_OBJC_WEAK = YES;
				CLANG_WARN_BLOCK_CAPTURE_AUTORELEASING = YES;
				CLANG_WARN_BOOL_CONVERSION = YES;
				CLANG_WARN_COMMA = YES;
				CLANG_WARN_CONSTANT_CONVERSION = YES;
				CLANG_WARN_DEPRECATED_OBJC_IMPLEMENTATIONS = YES;
				CLANG_WARN_DIRECT_OBJC_ISA_USAGE = YES_ERROR;
				CLANG_WARN_DOCUMENTATION_COMMENTS = YES;
				CLANG_WARN_EMPTY_BODY = YES;
				CLANG_WARN_ENUM_CONVERSION = YES;
				CLANG_WARN_INFINITE_RECURSION = YES;
				CLANG_WARN_INT_CONVERSION = YES;
				CLANG_WARN_NON_LITERAL_NULL_CONVERSION = YES;
				CLANG_WARN_OBJC_IMPLICIT_RETAIN_SELF = YES;
				CLANG_WARN_OBJC_LITERAL_CONVERSION = YES;
				CLANG_WARN_OBJC_ROOT_CLASS = YES_ERROR;
				CLANG_WARN_QUOTED_INCLUDE_IN_FRAMEWORK_HEADER = YES;
				CLANG_WARN_RANGE_LOOP_ANALYSIS = YES;
				CLANG_WARN_STRICT_PROTOTYPES = YES;
				CLANG_WARN_SUSPICIOUS_MOVE = YES;
				CLANG_WARN_UNGUARDED_AVAILABILITY = YES_AGGRESSIVE;
				CLANG_WARN_UNREACHABLE_CODE = YES;
				CLANG_WARN__DUPLICATE_METHOD_MATCH = YES;
				COPY_PHASE_STRIP = NO;
				DEBUG_INFORMATION_FORMAT = "dwarf-with-dsym";
				ENABLE_NS_ASSERTIONS = NO;
				ENABLE_STRICT_OBJC_MSGSEND = YES;
				GCC_C_LANGUAGE_STANDARD = gnu11;
				GCC_NO_COMMON_BLOCKS = YES;
				GCC_WARN_64_TO_32_BIT_CONVERSION = YES;
				GCC_WARN_ABOUT_RETURN_TYPE = YES_ERROR;
				GCC_WARN_UNDECLARED_SELECTOR = YES;
				GCC_WARN_UNINITIALIZED_AUTOS = YES_AGGRESSIVE;
				GCC_WARN_UNUSED_FUNCTION = YES;
				GCC_WARN_UNUSED_VARIABLE = YES;
				IPHONEOS_DEPLOYMENT_TARGET = 15.2;
				MTL_ENABLE_DEBUG_INFO = NO;
				MTL_FAST_MATH = YES;
				SDKROOT = iphoneos;
				SWIFT_COMPILATION_MODE = wholemodule;
				SWIFT_OPTIMIZATION_LEVEL = "-O";
				VALIDATE_PRODUCT = YES;
			};
			name = Release;
		};
		DF1EEF7629632CC300DBD413 /* Debug */ = {
			isa = XCBuildConfiguration;
			buildSettings = {
				ASSETCATALOG_COMPILER_APPICON_NAME = AppIcon;
				ASSETCATALOG_COMPILER_GLOBAL_ACCENT_COLOR_NAME = AccentColor;
				CODE_SIGN_STYLE = Automatic;
				CURRENT_PROJECT_VERSION = 1;
				GENERATE_INFOPLIST_FILE = YES;
				INFOPLIST_FILE = MVVM_DataBinding_Singleton/Info.plist;
				INFOPLIST_KEY_UIApplicationSupportsIndirectInputEvents = YES;
				INFOPLIST_KEY_UILaunchStoryboardName = LaunchScreen;
				INFOPLIST_KEY_UIMainStoryboardFile = Main;
				INFOPLIST_KEY_UISupportedInterfaceOrientations_iPad = "UIInterfaceOrientationPortrait UIInterfaceOrientationPortraitUpsideDown UIInterfaceOrientationLandscapeLeft UIInterfaceOrientationLandscapeRight";
				INFOPLIST_KEY_UISupportedInterfaceOrientations_iPhone = "UIInterfaceOrientationPortrait UIInterfaceOrientationLandscapeLeft UIInterfaceOrientationLandscapeRight";
				LD_RUNPATH_SEARCH_PATHS = (
					"$(inherited)",
					"@executable_path/Frameworks",
				);
				MARKETING_VERSION = 1.0;
				PRODUCT_BUNDLE_IDENTIFIER = "mytest.MVVM-DataBinding-Singleton";
				PRODUCT_NAME = "$(TARGET_NAME)";
				SWIFT_EMIT_LOC_STRINGS = YES;
				SWIFT_VERSION = 5.0;
				TARGETED_DEVICE_FAMILY = "1,2";
			};
			name = Debug;
		};
		DF1EEF7729632CC300DBD413 /* Release */ = {
			isa = XCBuildConfiguration;
			buildSettings = {
				ASSETCATALOG_COMPILER_APPICON_NAME = AppIcon;
				ASSETCATALOG_COMPILER_GLOBAL_ACCENT_COLOR_NAME = AccentColor;
				CODE_SIGN_STYLE = Automatic;
				CURRENT_PROJECT_VERSION = 1;
				GENERATE_INFOPLIST_FILE = YES;
				INFOPLIST_FILE = MVVM_DataBinding_Singleton/Info.plist;
				INFOPLIST_KEY_UIApplicationSupportsIndirectInputEvents = YES;
				INFOPLIST_KEY_UILaunchStoryboardName = LaunchScreen;
				INFOPLIST_KEY_UIMainStoryboardFile = Main;
				INFOPLIST_KEY_UISupportedInterfaceOrientations_iPad = "UIInterfaceOrientationPortrait UIInterfaceOrientationPortraitUpsideDown UIInterfaceOrientationLandscapeLeft UIInterfaceOrientationLandscapeRight";
				INFOPLIST_KEY_UISupportedInterfaceOrientations_iPhone = "UIInterfaceOrientationPortrait UIInterfaceOrientationLandscapeLeft UIInterfaceOrientationLandscapeRight";
				LD_RUNPATH_SEARCH_PATHS = (
					"$(inherited)",
					"@executable_path/Frameworks",
				);
				MARKETING_VERSION = 1.0;
				PRODUCT_BUNDLE_IDENTIFIER = "mytest.MVVM-DataBinding-Singleton";
				PRODUCT_NAME = "$(TARGET_NAME)";
				SWIFT_EMIT_LOC_STRINGS = YES;
				SWIFT_VERSION = 5.0;
				TARGETED_DEVICE_FAMILY = "1,2";
			};
			name = Release;
		};
/* End XCBuildConfiguration section */

/* Begin XCConfigurationList section */
		DF1EEF5C29632CC100DBD413 /* Build configuration list for PBXProject "MVVM_DataBinding_Singleton" */ = {
			isa = XCConfigurationList;
			buildConfigurations = (
				DF1EEF7329632CC300DBD413 /* Debug */,
				DF1EEF7429632CC300DBD413 /* Release */,
			);
			defaultConfigurationIsVisible = 0;
			defaultConfigurationName = Release;
		};
		DF1EEF7529632CC300DBD413 /* Build configuration list for PBXNativeTarget "MVVM_DataBinding_Singleton" */ = {
			isa = XCConfigurationList;
			buildConfigurations = (
				DF1EEF7629632CC300DBD413 /* Debug */,
				DF1EEF7729632CC300DBD413 /* Release */,
			);
			defaultConfigurationIsVisible = 0;
			defaultConfigurationName = Release;
		};
/* End XCConfigurationList section */

/* Begin XCRemoteSwiftPackageReference section */
		DF1EEF92296C6AC200DBD413 /* XCRemoteSwiftPackageReference "Kingfisher" */ = {
			isa = XCRemoteSwiftPackageReference;
			repositoryURL = "https://github.com/onevcat/Kingfisher.git";
			requirement = {
				kind = upToNextMajorVersion;
				minimumVersion = 7.0.0;
			};
		};
/* End XCRemoteSwiftPackageReference section */

/* Begin XCSwiftPackageProductDependency section */
		DF1EEF93296C6AC200DBD413 /* Kingfisher */ = {
			isa = XCSwiftPackageProductDependency;
			package = DF1EEF92296C6AC200DBD413 /* XCRemoteSwiftPackageReference "Kingfisher" */;
			productName = Kingfisher;
		};
/* End XCSwiftPackageProductDependency section */
	};
	rootObject = DF1EEF5929632CC100DBD413 /* Project object */;
}
